
Microsoft Visual Studio Solution File, Format Version 12.00
# Visual Studio Version 16
VisualStudioVersion = 16.0.31613.86
MinimumVisualStudioVersion = 10.0.40219.1
Project("{8BC9CEB8-8B4A-11D0-8D11-00A0C91BC942}") = "Tetris_SFML", "Tetris_SFML.vcxproj", "{807D2130-7334-4A88-B0A1-540EB6CE3AB3}"
EndProject
Global
	GlobalSection(SolutionConfigurationPlatforms) = preSolution
		Debug|x64 = Debug|x64
		Debug|x86 = Debug|x86
		Release|x64 = Release|x64
		Release|x86 = Release|x86
	EndGlobalSection
	GlobalSection(ProjectConfigurationPlatforms) = postSolution
		{807D2130-7334-4A88-B0A1-540EB6CE3AB3}.Debug|x64.ActiveCfg = Debug|x64
		{807D2130-7334-4A88-B0A1-540EB6CE3AB3}.Debug|x64.Build.0 = Debug|x64
		{807D2130-7334-4A88-B0A1-540EB6CE3AB3}.Debug|x86.ActiveCfg = Debug|Win32
		{807D2130-7334-4A88-B0A1-540EB6CE3AB3}.Debug|x86.Build.0 = Debug|Win32
		{807D2130-7334-4A88-B0A1-540EB6CE3AB3}.Release|x64.ActiveCfg = Release|x64
		{807D2130-7334-4A88-B0A1-540EB6CE3AB3}.Release|x64.Build.0 = Release|x64
		{807D2130-7334-4A88-B0A1-540EB6CE3AB3}.Release|x86.ActiveCfg = Release|Win32
		{807D2130-7334-4A88-B0A1-540EB6CE3AB3}.Release|x86.Build.0 = Release|Win32
	EndGlobalSection
	GlobalSection(SolutionProperties) = preSolution
		HideSolutionNode = FALSE
	EndGlobalSection
	GlobalSection(ExtensibilityGlobals) = postSolution
		SolutionGuid = {8007B004-0BD2-48DA-977B-0B2D6713E86B}
	EndGlobalSection
EndGlobal
